
Microsoft Visual Studio Solution File, Format Version 12.00
# Visual Studio 2013
VisualStudioVersion = 12.0.31101.0
MinimumVisualStudioVersion = 10.0.40219.1
Project("{FAE04EC0-301F-11D3-BF4B-00C04F79EFBC}") = "ExamPreparation.DAL", "DAL\ExamPreparation.DAL.csproj", "{9CF56D48-D983-469B-9154-665E7F739442}"
EndProject
Project("{FAE04EC0-301F-11D3-BF4B-00C04F79EFBC}") = "ExamPreparation.WebApi", "ExamPreparation.WebApi\ExamPreparation.WebApi.csproj", "{BCE1D70F-FE1F-4AB6-8B54-D9CE24F6DEBC}"
EndProject
Project("{FAE04EC0-301F-11D3-BF4B-00C04F79EFBC}") = "ExamPreparation.Repo", "ExamPreparation.Repo\ExamPreparation.Repo.csproj", "{C578ABE1-1310-4589-9044-0295A73BA55B}"
EndProject
Project("{FAE04EC0-301F-11D3-BF4B-00C04F79EFBC}") = "ExamPreparation.Services", "ExamPreparation.Services\ExamPreparation.Services.csproj", "{36339FF3-AB30-4563-945D-61BA81AEB76D}"
EndProject
Global
	GlobalSection(SolutionConfigurationPlatforms) = preSolution
		Debug|Any CPU = Debug|Any CPU
		Debug|Mixed Platforms = Debug|Mixed Platforms
		Debug|Win32 = Debug|Win32
		Release|Any CPU = Release|Any CPU
		Release|Mixed Platforms = Release|Mixed Platforms
		Release|Win32 = Release|Win32
	EndGlobalSection
	GlobalSection(ProjectConfigurationPlatforms) = postSolution
		{9CF56D48-D983-469B-9154-665E7F739442}.Debug|Any CPU.ActiveCfg = Debug|Any CPU
		{9CF56D48-D983-469B-9154-665E7F739442}.Debug|Any CPU.Build.0 = Debug|Any CPU
		{9CF56D48-D983-469B-9154-665E7F739442}.Debug|Mixed Platforms.ActiveCfg = Debug|Any CPU
		{9CF56D48-D983-469B-9154-665E7F739442}.Debug|Mixed Platforms.Build.0 = Debug|Any CPU
		{9CF56D48-D983-469B-9154-665E7F739442}.Debug|Win32.ActiveCfg = Debug|Any CPU
		{9CF56D48-D983-469B-9154-665E7F739442}.Release|Any CPU.ActiveCfg = Release|Any CPU
		{9CF56D48-D983-469B-9154-665E7F739442}.Release|Any CPU.Build.0 = Release|Any CPU
		{9CF56D48-D983-469B-9154-665E7F739442}.Release|Mixed Platforms.ActiveCfg = Release|Any CPU
		{9CF56D48-D983-469B-9154-665E7F739442}.Release|Mixed Platforms.Build.0 = Release|Any CPU
		{9CF56D48-D983-469B-9154-665E7F739442}.Release|Win32.ActiveCfg = Release|Any CPU
		{BCE1D70F-FE1F-4AB6-8B54-D9CE24F6DEBC}.Debug|Any CPU.ActiveCfg = Debug|Any CPU
		{BCE1D70F-FE1F-4AB6-8B54-D9CE24F6DEBC}.Debug|Any CPU.Build.0 = Debug|Any CPU
		{BCE1D70F-FE1F-4AB6-8B54-D9CE24F6DEBC}.Debug|Mixed Platforms.ActiveCfg = Debug|Any CPU
		{BCE1D70F-FE1F-4AB6-8B54-D9CE24F6DEBC}.Debug|Mixed Platforms.Build.0 = Debug|Any CPU
		{BCE1D70F-FE1F-4AB6-8B54-D9CE24F6DEBC}.Debug|Win32.ActiveCfg = Debug|Any CPU
		{BCE1D70F-FE1F-4AB6-8B54-D9CE24F6DEBC}.Release|Any CPU.ActiveCfg = Release|Any CPU
		{BCE1D70F-FE1F-4AB6-8B54-D9CE24F6DEBC}.Release|Any CPU.Build.0 = Release|Any CPU
		{BCE1D70F-FE1F-4AB6-8B54-D9CE24F6DEBC}.Release|Mixed Platforms.ActiveCfg = Release|Any CPU
		{BCE1D70F-FE1F-4AB6-8B54-D9CE24F6DEBC}.Release|Mixed Platforms.Build.0 = Release|Any CPU
		{BCE1D70F-FE1F-4AB6-8B54-D9CE24F6DEBC}.Release|Win32.ActiveCfg = Release|Any CPU
		{C578ABE1-1310-4589-9044-0295A73BA55B}.Debug|Any CPU.ActiveCfg = Debug|Any CPU
		{C578ABE1-1310-4589-9044-0295A73BA55B}.Debug|Any CPU.Build.0 = Debug|Any CPU
		{C578ABE1-1310-4589-9044-0295A73BA55B}.Debug|Mixed Platforms.ActiveCfg = Debug|Any CPU
		{C578ABE1-1310-4589-9044-0295A73BA55B}.Debug|Mixed Platforms.Build.0 = Debug|Any CPU
		{C578ABE1-1310-4589-9044-0295A73BA55B}.Debug|Win32.ActiveCfg = Debug|Any CPU
		{C578ABE1-1310-4589-9044-0295A73BA55B}.Release|Any CPU.ActiveCfg = Release|Any CPU
		{C578ABE1-1310-4589-9044-0295A73BA55B}.Release|Any CPU.Build.0 = Release|Any CPU
		{C578ABE1-1310-4589-9044-0295A73BA55B}.Release|Mixed Platforms.ActiveCfg = Release|Any CPU
		{C578ABE1-1310-4589-9044-0295A73BA55B}.Release|Mixed Platforms.Build.0 = Release|Any CPU
		{C578ABE1-1310-4589-9044-0295A73BA55B}.Release|Win32.ActiveCfg = Release|Any CPU
		{36339FF3-AB30-4563-945D-61BA81AEB76D}.Debug|Any CPU.ActiveCfg = Debug|Any CPU
		{36339FF3-AB30-4563-945D-61BA81AEB76D}.Debug|Any CPU.Build.0 = Debug|Any CPU
		{36339FF3-AB30-4563-945D-61BA81AEB76D}.Debug|Mixed Platforms.ActiveCfg = Debug|Any CPU
		{36339FF3-AB30-4563-945D-61BA81AEB76D}.Debug|Mixed Platforms.Build.0 = Debug|Any CPU
		{36339FF3-AB30-4563-945D-61BA81AEB76D}.Debug|Win32.ActiveCfg = Debug|Any CPU
		{36339FF3-AB30-4563-945D-61BA81AEB76D}.Release|Any CPU.ActiveCfg = Release|Any CPU
		{36339FF3-AB30-4563-945D-61BA81AEB76D}.Release|Any CPU.Build.0 = Release|Any CPU
		{36339FF3-AB30-4563-945D-61BA81AEB76D}.Release|Mixed Platforms.ActiveCfg = Release|Any CPU
		{36339FF3-AB30-4563-945D-61BA81AEB76D}.Release|Mixed Platforms.Build.0 = Release|Any CPU
		{36339FF3-AB30-4563-945D-61BA81AEB76D}.Release|Win32.ActiveCfg = Release|Any CPU
	EndGlobalSection
	GlobalSection(SolutionProperties) = preSolution
		HideSolutionNode = FALSE
	EndGlobalSection
EndGlobal
